{
  "name": "my-lib",
  "version": "0.0.1",
  "lockfileVersion": 1,
  "requires": true,
  "dependencies": {
    "@angular/core": {
      "version": "9.1.13",
      "resolved": "https://registry.npmjs.org/@angular/core/-/core-9.1.13.tgz",
      "integrity": "sha512-mBm24Q9GjkAsxMAzqQ86U1078+yTEpr0+syMEruUtJ0HUH6Fzn3J+6xTLb+BVcGb9RkCkFaV9T5mcn6ZM0f++g==",
      "dev": true
    },
    "@angular/forms": {
      "version": "13.2.6",
      "resolved": "https://registry.npmjs.org/@angular/forms/-/forms-13.2.6.tgz",
      "integrity": "sha512-3IikvNtO0RBiGb2AWl8aYcE3ivXHPIJz+JOn9Wz9XXSkYx75D3GjuJlz+fVIgz+7Q7tJuS6Q2E5qat/ldeDmoA==",
      "dev": true,
      "requires": {
        "tslib": "^2.3.0"
      },
      "dependencies": {
        "tslib": {
          "version": "2.3.1",
          "resolved": "https://registry.npmjs.org/tslib/-/tslib-2.3.1.tgz",
          "integrity": "sha512-77EbyPPpMz+FRFRuAFlWMtmgUWGe9UOG2Z25NqCwiIjRhOf5iKGuzSe5P2w1laq+FkRy4p+PCuVkJSGkzTEKVw==",
          "dev": true
        }
      }
    },
    "@angular/platform-browser": {
      "version": "13.2.6",
      "resolved": "https://registry.npmjs.org/@angular/platform-browser/-/platform-browser-13.2.6.tgz",
      "integrity": "sha512-Gc/1TqysW+P+K3NeQihmHWs4KF1mjJT20s06r+YcETnPP11uPk+UxQl7gJNsDV587DYO/wT3oISXVpRw4UJhdQ==",
      "dev": true,
      "requires": {
        "tslib": "^2.3.0"
      },
      "dependencies": {
        "tslib": {
          "version": "2.3.1",
          "resolved": "https://registry.npmjs.org/tslib/-/tslib-2.3.1.tgz",
          "integrity": "sha512-77EbyPPpMz+FRFRuAFlWMtmgUWGe9UOG2Z25NqCwiIjRhOf5iKGuzSe5P2w1laq+FkRy4p+PCuVkJSGkzTEKVw==",
          "dev": true
        }
      }
    },
    "ag-grid-angular": {
      "version": "27.0.0",
      "resolved": "https://registry.npmjs.org/ag-grid-angular/-/ag-grid-angular-27.0.0.tgz",
      "integrity": "sha512-76poLjBi+sL2cccVpKJfynz9ALhpVax47Hz5YznVBi8TcfnOVC3a5a559c072DxXGhnxn7sgrjKVD6KJrK0ScA==",
      "dev": true,
      "requires": {
        "tslib": "^1.10.0"
      }
    },
    "ag-grid-community": {
      "version": "27.0.1",
      "resolved": "https://registry.npmjs.org/ag-grid-community/-/ag-grid-community-27.0.1.tgz",
      "integrity": "sha512-wV3CLLJWet0I7lmlVjVjACVWQ1WmGYflEyc2nKK3u5CDKa9ewQGYcwZW92i+E+9rmGH6R7oaL3DFKzNWD6C56w==",
      "dev": true
    },
    "lodash.concat": {
      "version": "4.5.0",
      "resolved": "https://registry.npmjs.org/lodash.concat/-/lodash.concat-4.5.0.tgz",
      "integrity": "sha1-sFOuAuSoAIWC5yVrnQK9ptA4A5U=",
      "dev": true
    },
    "tslib": {
      "version": "1.14.1",
      "resolved": "https://registry.npmjs.org/tslib/-/tslib-1.14.1.tgz",
      "integrity": "sha512-Xni35NKzjgMrwevysHTCArtLDpPvye8zV/0E4EyYn43P7/7qvQwPh9BGkHewbMulVntbigmcT7rdX3BNo9wRJg=="
    }
  }
}
